{
  "requires": true,
  "lockfileVersion": 1,
  "dependencies": {
    "list-diff2": {
      "version": "0.1.4",
      "resolved": "https://registry.npmjs.org/list-diff2/-/list-diff2-0.1.4.tgz",
      "integrity": "sha1-hTnAXFebQksTSaNL54UI05IN+Vg="
    },
    "simple-virtual-dom": {
      "version": "0.1.10",
      "resolved": "https://registry.npmjs.org/simple-virtual-dom/-/simple-virtual-dom-0.1.10.tgz",
      "integrity": "sha512-mZvtF8cSkjdzPmyWbCPCQiSTs9QAOUQWRYUnsa0j0K7vFwuD/QAEA3pR1ZQb8+ai9l82K7BvmODXHFNAVu962Q==",
      "requires": {
        "list-diff2": "0.1.4"
      }
    }
  }
}
